
Microsoft Visual Studio Solution File, Format Version 12.00
# Visual Studio 2012
Project("{8BC9CEB8-8B4A-11D0-8D11-00A0C91BC942}") = "kruskal", "kruskal\kruskal.vcxproj", "{1E1E7A70-D2B6-4801-B7BA-F90B93E0BCAD}"
EndProject
Global
	GlobalSection(SolutionConfigurationPlatforms) = preSolution
		Debug|Win32 = Debug|Win32
		Release|Win32 = Release|Win32
	EndGlobalSection
	GlobalSection(ProjectConfigurationPlatforms) = postSolution
		{1E1E7A70-D2B6-4801-B7BA-F90B93E0BCAD}.Debug|Win32.ActiveCfg = Debug|Win32
		{1E1E7A70-D2B6-4801-B7BA-F90B93E0BCAD}.Debug|Win32.Build.0 = Debug|Win32
		{1E1E7A70-D2B6-4801-B7BA-F90B93E0BCAD}.Release|Win32.ActiveCfg = Release|Win32
		{1E1E7A70-D2B6-4801-B7BA-F90B93E0BCAD}.Release|Win32.Build.0 = Release|Win32
	EndGlobalSection
	GlobalSection(SolutionProperties) = preSolution
		HideSolutionNode = FALSE
	EndGlobalSection
EndGlobal
