
Microsoft Visual Studio Solution File, Format Version 12.00
# Visual Studio 2012
Project("{8BC9CEB8-8B4A-11D0-8D11-00A0C91BC942}") = "迪杰斯特拉", "迪杰斯特拉\迪杰斯特拉.vcxproj", "{E3E48D72-81E8-45C4-9BB1-EF7148CD3482}"
EndProject
Global
	GlobalSection(SolutionConfigurationPlatforms) = preSolution
		Debug|Win32 = Debug|Win32
		Release|Win32 = Release|Win32
	EndGlobalSection
	GlobalSection(ProjectConfigurationPlatforms) = postSolution
		{E3E48D72-81E8-45C4-9BB1-EF7148CD3482}.Debug|Win32.ActiveCfg = Debug|Win32
		{E3E48D72-81E8-45C4-9BB1-EF7148CD3482}.Debug|Win32.Build.0 = Debug|Win32
		{E3E48D72-81E8-45C4-9BB1-EF7148CD3482}.Release|Win32.ActiveCfg = Release|Win32
		{E3E48D72-81E8-45C4-9BB1-EF7148CD3482}.Release|Win32.Build.0 = Release|Win32
	EndGlobalSection
	GlobalSection(SolutionProperties) = preSolution
		HideSolutionNode = FALSE
	EndGlobalSection
EndGlobal
