
Microsoft Visual Studio Solution File, Format Version 12.00
# Visual Studio 2012
Project("{8BC9CEB8-8B4A-11D0-8D11-00A0C91BC942}") = "组合输出", "组合输出\组合输出.vcxproj", "{9DC2644F-1B20-4E8E-8783-FE832E019122}"
EndProject
Global
	GlobalSection(SolutionConfigurationPlatforms) = preSolution
		Debug|Win32 = Debug|Win32
		Release|Win32 = Release|Win32
	EndGlobalSection
	GlobalSection(ProjectConfigurationPlatforms) = postSolution
		{9DC2644F-1B20-4E8E-8783-FE832E019122}.Debug|Win32.ActiveCfg = Debug|Win32
		{9DC2644F-1B20-4E8E-8783-FE832E019122}.Debug|Win32.Build.0 = Debug|Win32
		{9DC2644F-1B20-4E8E-8783-FE832E019122}.Release|Win32.ActiveCfg = Release|Win32
		{9DC2644F-1B20-4E8E-8783-FE832E019122}.Release|Win32.Build.0 = Release|Win32
	EndGlobalSection
	GlobalSection(SolutionProperties) = preSolution
		HideSolutionNode = FALSE
	EndGlobalSection
EndGlobal
